
Microsoft Visual Studio Solution File, Format Version 12.00
# Visual Studio Version 16
VisualStudioVersion = 16.0.31624.102
MinimumVisualStudioVersion = 10.0.40219.1
Project("{9A19103F-16F7-4668-BE54-9A1E7A4F7556}") = "AutoRaceCalendarApp.BLL", "Services\AutoRaceCalendarApp.BLL.csproj", "{E5CEBCB0-74E6-4846-BC45-CA3537199990}"
EndProject
Project("{9A19103F-16F7-4668-BE54-9A1E7A4F7556}") = "AutoRaceCalendarApp.API", "Api\AutoRaceCalendarApp.API.csproj", "{3385136F-4B33-4FC7-9C17-5628697D5D9B}"
EndProject
Project("{9A19103F-16F7-4668-BE54-9A1E7A4F7556}") = "AutoRaceCalendarApp.DAL", "AutoRaceCalenderApp.DAL\AutoRaceCalendarApp.DAL.csproj", "{398D8C3A-1656-416B-812D-73C04AFCF7BB}"
EndProject
Project("{9A19103F-16F7-4668-BE54-9A1E7A4F7556}") = "AutoRaceCalendarApp.UI", "AutoRaceCalenderApp.UI\AutoRaceCalendarApp.UI.csproj", "{C0FE0BD9-5131-42C7-AD91-1A4490F46525}"
EndProject
Global
	GlobalSection(SolutionConfigurationPlatforms) = preSolution
		Debug|Any CPU = Debug|Any CPU
		Release|Any CPU = Release|Any CPU
	EndGlobalSection
	GlobalSection(ProjectConfigurationPlatforms) = postSolution
		{E5CEBCB0-74E6-4846-BC45-CA3537199990}.Debug|Any CPU.ActiveCfg = Debug|Any CPU
		{E5CEBCB0-74E6-4846-BC45-CA3537199990}.Debug|Any CPU.Build.0 = Debug|Any CPU
		{E5CEBCB0-74E6-4846-BC45-CA3537199990}.Release|Any CPU.ActiveCfg = Release|Any CPU
		{E5CEBCB0-74E6-4846-BC45-CA3537199990}.Release|Any CPU.Build.0 = Release|Any CPU
		{3385136F-4B33-4FC7-9C17-5628697D5D9B}.Debug|Any CPU.ActiveCfg = Debug|Any CPU
		{3385136F-4B33-4FC7-9C17-5628697D5D9B}.Debug|Any CPU.Build.0 = Debug|Any CPU
		{3385136F-4B33-4FC7-9C17-5628697D5D9B}.Release|Any CPU.ActiveCfg = Release|Any CPU
		{3385136F-4B33-4FC7-9C17-5628697D5D9B}.Release|Any CPU.Build.0 = Release|Any CPU
		{398D8C3A-1656-416B-812D-73C04AFCF7BB}.Debug|Any CPU.ActiveCfg = Debug|Any CPU
		{398D8C3A-1656-416B-812D-73C04AFCF7BB}.Debug|Any CPU.Build.0 = Debug|Any CPU
		{398D8C3A-1656-416B-812D-73C04AFCF7BB}.Release|Any CPU.ActiveCfg = Release|Any CPU
		{398D8C3A-1656-416B-812D-73C04AFCF7BB}.Release|Any CPU.Build.0 = Release|Any CPU
		{C0FE0BD9-5131-42C7-AD91-1A4490F46525}.Debug|Any CPU.ActiveCfg = Debug|Any CPU
		{C0FE0BD9-5131-42C7-AD91-1A4490F46525}.Debug|Any CPU.Build.0 = Debug|Any CPU
		{C0FE0BD9-5131-42C7-AD91-1A4490F46525}.Release|Any CPU.ActiveCfg = Release|Any CPU
		{C0FE0BD9-5131-42C7-AD91-1A4490F46525}.Release|Any CPU.Build.0 = Release|Any CPU
	EndGlobalSection
	GlobalSection(SolutionProperties) = preSolution
		HideSolutionNode = FALSE
	EndGlobalSection
	GlobalSection(ExtensibilityGlobals) = postSolution
		SolutionGuid = {CB5ED730-DA4B-40CF-96B6-F45CF00E3108}
	EndGlobalSection
EndGlobal
